
Microsoft Visual Studio Solution File, Format Version 12.00
Project("{FAE04EC0-301F-11D3-BF4B-00C04F79EFBC}") = "Sigma", "Sigma\Sigma.csproj", "{AC209E45-0CEA-416E-AA94-973B5E4B445B}"
EndProject
Project("{FAE04EC0-301F-11D3-BF4B-00C04F79EFBC}") = "Sigma.DAL", "Sigma.DAL\Sigma.DAL.csproj", "{F948B84D-1679-4B74-A412-D1DE61F2C0D1}"
EndProject
Project("{FAE04EC0-301F-11D3-BF4B-00C04F79EFBC}") = "Sigma.Domain", "Sigma.Domain\Sigma.Domain.csproj", "{346C64A1-DB2F-4753-8E43-0A04EC1B30D0}"
EndProject
Global
	GlobalSection(SolutionConfigurationPlatforms) = preSolution
		Debug|Any CPU = Debug|Any CPU
		Release|Any CPU = Release|Any CPU
	EndGlobalSection
	GlobalSection(ProjectConfigurationPlatforms) = postSolution
		{AC209E45-0CEA-416E-AA94-973B5E4B445B}.Debug|Any CPU.ActiveCfg = Debug|Any CPU
		{AC209E45-0CEA-416E-AA94-973B5E4B445B}.Debug|Any CPU.Build.0 = Debug|Any CPU
		{AC209E45-0CEA-416E-AA94-973B5E4B445B}.Release|Any CPU.ActiveCfg = Release|Any CPU
		{AC209E45-0CEA-416E-AA94-973B5E4B445B}.Release|Any CPU.Build.0 = Release|Any CPU
		{F948B84D-1679-4B74-A412-D1DE61F2C0D1}.Debug|Any CPU.ActiveCfg = Debug|Any CPU
		{F948B84D-1679-4B74-A412-D1DE61F2C0D1}.Debug|Any CPU.Build.0 = Debug|Any CPU
		{F948B84D-1679-4B74-A412-D1DE61F2C0D1}.Release|Any CPU.ActiveCfg = Release|Any CPU
		{F948B84D-1679-4B74-A412-D1DE61F2C0D1}.Release|Any CPU.Build.0 = Release|Any CPU
		{346C64A1-DB2F-4753-8E43-0A04EC1B30D0}.Debug|Any CPU.ActiveCfg = Debug|Any CPU
		{346C64A1-DB2F-4753-8E43-0A04EC1B30D0}.Debug|Any CPU.Build.0 = Debug|Any CPU
		{346C64A1-DB2F-4753-8E43-0A04EC1B30D0}.Release|Any CPU.ActiveCfg = Release|Any CPU
		{346C64A1-DB2F-4753-8E43-0A04EC1B30D0}.Release|Any CPU.Build.0 = Release|Any CPU
	EndGlobalSection
EndGlobal
